{
  "name": "export-as-html",
  "requires": true,
  "lockfileVersion": 1,
  "dependencies": {
    "inkdrop-export-utils": {
      "version": "1.0.3",
      "resolved": "https://registry.npmjs.org/inkdrop-export-utils/-/inkdrop-export-utils-1.0.3.tgz",
      "integrity": "sha512-p1mAKNzZz98JOJNV/aJrtpnPciQr5Q/3nzAdxM1hmOvJsYuNGe2uvxaBfBCR8QyGuP+cy9tFEr/RtWY1l+8YWg=="
    }
  }
}
