{
  "name": "export-as-html",
  "version": "1.2.0",
  "lockfileVersion": 1,
  "requires": true,
  "dependencies": {
    "inkdrop-export-utils": {
      "version": "3.0.0",
      "resolved": "https://registry.npmjs.org/inkdrop-export-utils/-/inkdrop-export-utils-3.0.0.tgz",
      "integrity": "sha512-CWH5KGOeIesNs1hfisgLnMpK40QbBKaI8P9d1qBLgRb5X1LbplV+KmCVPp2XZG7KuzCXUm2wTeJNxjpvAEOQ1Q==",
      "requires": {
        "inkdrop-model": "^2.5.0"
      }
    },
    "inkdrop-model": {
      "version": "2.5.0",
      "resolved": "https://registry.npmjs.org/inkdrop-model/-/inkdrop-model-2.5.0.tgz",
      "integrity": "sha512-nZvbP4/YR5fsaRvN0p4Xd3kAWSxpg8U4EK1Hh8WE90GfxoWM6c/pPHrq5zI/sYJHRC5rFiCZoL3p+F/OVGHG4A=="
    }
  }
}
